// !$*UTF8*$!
{
	archiveVersion = 1;
	classes = {
	};
	objectVersion = 48;
	objects = {

/* Begin PBXBuildFile section */
		A6163E1E20FF0A7C00FDDC83 /* Jenkinsnew in Resources */ = {isa = PBXBuildFile; fileRef = A6163E1D20FF0A7C00FDDC83 /* Jenkinsnew */; };
		A64C74972107259600CFDB0D /* Appfile in Resources */ = {isa = PBXBuildFile; fileRef = A64C74952107259600CFDB0D /* Appfile */; };
		A64C74982107259600CFDB0D /* Fastfile in Resources */ = {isa = PBXBuildFile; fileRef = A64C74962107259600CFDB0D /* Fastfile */; };
		A65DBC8C20EC8A2300674D81 /* AppDelegate.swift in Sources */ = {isa = PBXBuildFile; fileRef = A65DBC8B20EC8A2300674D81 /* AppDelegate.swift */; };
		A65DBC8E20EC8A2300674D81 /* ViewController.swift in Sources */ = {isa = PBXBuildFile; fileRef = A65DBC8D20EC8A2300674D81 /* ViewController.swift */; };
		A65DBC9120EC8A2300674D81 /* Main.storyboard in Resources */ = {isa = PBXBuildFile; fileRef = A65DBC8F20EC8A2300674D81 /* Main.storyboard */; };
		A65DBC9320EC8A2300674D81 /* Assets.xcassets in Resources */ = {isa = PBXBuildFile; fileRef = A65DBC9220EC8A2300674D81 /* Assets.xcassets */; };
		A65DBC9620EC8A2300674D81 /* LaunchScreen.storyboard in Resources */ = {isa = PBXBuildFile; fileRef = A65DBC9420EC8A2300674D81 /* LaunchScreen.storyboard */; };
/* End PBXBuildFile section */

/* Begin PBXFileReference section */
		A6163E1D20FF0A7C00FDDC83 /* Jenkinsnew */ = {isa = PBXFileReference; lastKnownFileType = text; path = Jenkinsnew; sourceTree = "<group>"; };
		A64C74952107259600CFDB0D /* Appfile */ = {isa = PBXFileReference; fileEncoding = 4; lastKnownFileType = text; name = Appfile; path = fastlane/Appfile; sourceTree = SOURCE_ROOT; };
		A64C74962107259600CFDB0D /* Fastfile */ = {isa = PBXFileReference; fileEncoding = 4; lastKnownFileType = text; name = Fastfile; path = fastlane/Fastfile; sourceTree = SOURCE_ROOT; };
		A65DBC8820EC8A2300674D81 /* TestingJenkins.app */ = {isa = PBXFileReference; explicitFileType = wrapper.application; includeInIndex = 0; path = TestingJenkins.app; sourceTree = BUILT_PRODUCTS_DIR; };
		A65DBC8B20EC8A2300674D81 /* AppDelegate.swift */ = {isa = PBXFileReference; lastKnownFileType = sourcecode.swift; path = AppDelegate.swift; sourceTree = "<group>"; };
		A65DBC8D20EC8A2300674D81 /* ViewController.swift */ = {isa = PBXFileReference; lastKnownFileType = sourcecode.swift; path = ViewController.swift; sourceTree = "<group>"; };
		A65DBC9020EC8A2300674D81 /* Base */ = {isa = PBXFileReference; lastKnownFileType = file.storyboard; name = Base; path = Base.lproj/Main.storyboard; sourceTree = "<group>"; };
		A65DBC9220EC8A2300674D81 /* Assets.xcassets */ = {isa = PBXFileReference; lastKnownFileType = folder.assetcatalog; path = Assets.xcassets; sourceTree = "<group>"; };
		A65DBC9520EC8A2300674D81 /* Base */ = {isa = PBXFileReference; lastKnownFileType = file.storyboard; name = Base; path = Base.lproj/LaunchScreen.storyboard; sourceTree = "<group>"; };
		A65DBC9720EC8A2300674D81 /* Info.plist */ = {isa = PBXFileReference; lastKnownFileType = text.plist.xml; path = Info.plist; sourceTree = "<group>"; };
/* End PBXFileReference section */

/* Begin PBXFrameworksBuildPhase section */
		A65DBC8520EC8A2300674D81 /* Frameworks */ = {
			isa = PBXFrameworksBuildPhase;
			buildActionMask = 2147483647;
			files = (
			);
			runOnlyForDeploymentPostprocessing = 0;
		};
/* End PBXFrameworksBuildPhase section */

/* Begin PBXGroup section */
		A64C74902107014300CFDB0D /* fastlane */ = {
			isa = PBXGroup;
			children = (
				A64C74952107259600CFDB0D /* Appfile */,
				A64C74962107259600CFDB0D /* Fastfile */,
			);
			path = fastlane;
			sourceTree = "<group>";
		};
		A65DBC7F20EC8A2300674D81 = {
			isa = PBXGroup;
			children = (
				A65DBC8A20EC8A2300674D81 /* TestingJenkins */,
				A65DBC8920EC8A2300674D81 /* Products */,
			);
			sourceTree = "<group>";
		};
		A65DBC8920EC8A2300674D81 /* Products */ = {
			isa = PBXGroup;
			children = (
				A65DBC8820EC8A2300674D81 /* TestingJenkins.app */,
			);
			name = Products;
			sourceTree = "<group>";
		};
		A65DBC8A20EC8A2300674D81 /* TestingJenkins */ = {
			isa = PBXGroup;
			children = (
				A64C74902107014300CFDB0D /* fastlane */,
				A6163E1D20FF0A7C00FDDC83 /* Jenkinsnew */,
				A65DBC8B20EC8A2300674D81 /* AppDelegate.swift */,
				A65DBC8D20EC8A2300674D81 /* ViewController.swift */,
				A65DBC8F20EC8A2300674D81 /* Main.storyboard */,
				A65DBC9220EC8A2300674D81 /* Assets.xcassets */,
				A65DBC9420EC8A2300674D81 /* LaunchScreen.storyboard */,
				A65DBC9720EC8A2300674D81 /* Info.plist */,
			);
			path = TestingJenkins;
			sourceTree = "<group>";
		};
/* End PBXGroup section */

/* Begin PBXNativeTarget section */
		A65DBC8720EC8A2300674D81 /* TestingJenkins */ = {
			isa = PBXNativeTarget;
			buildConfigurationList = A65DBC9A20EC8A2300674D81 /* Build configuration list for PBXNativeTarget "TestingJenkins" */;
			buildPhases = (
				A65DBC8420EC8A2300674D81 /* Sources */,
				A65DBC8520EC8A2300674D81 /* Frameworks */,
				A65DBC8620EC8A2300674D81 /* Resources */,
			);
			buildRules = (
			);
			dependencies = (
			);
			name = TestingJenkins;
			productName = TestingJenkins;
			productReference = A65DBC8820EC8A2300674D81 /* TestingJenkins.app */;
			productType = "com.apple.product-type.application";
		};
/* End PBXNativeTarget section */

/* Begin PBXProject section */
		A65DBC8020EC8A2300674D81 /* Project object */ = {
			isa = PBXProject;
			attributes = {
				LastSwiftUpdateCheck = 0920;
				LastUpgradeCheck = 0920;
				ORGANIZATIONNAME = jenkins;
				TargetAttributes = {
					A65DBC8720EC8A2300674D81 = {
						CreatedOnToolsVersion = 9.2;
						ProvisioningStyle = Manual;
					};
				};
			};
			buildConfigurationList = A65DBC8320EC8A2300674D81 /* Build configuration list for PBXProject "TestingJenkins" */;
			compatibilityVersion = "Xcode 8.0";
			developmentRegion = en;
			hasScannedForEncodings = 0;
			knownRegions = (
				en,
				Base,
			);
			mainGroup = A65DBC7F20EC8A2300674D81;
			productRefGroup = A65DBC8920EC8A2300674D81 /* Products */;
			projectDirPath = "";
			projectRoot = "";
			targets = (
				A65DBC8720EC8A2300674D81 /* TestingJenkins */,
			);
		};
/* End PBXProject section */

/* Begin PBXResourcesBuildPhase section */
		A65DBC8620EC8A2300674D81 /* Resources */ = {
			isa = PBXResourcesBuildPhase;
			buildActionMask = 2147483647;
			files = (
				A64C74982107259600CFDB0D /* Fastfile in Resources */,
				A65DBC9620EC8A2300674D81 /* LaunchScreen.storyboard in Resources */,
				A64C74972107259600CFDB0D /* Appfile in Resources */,
				A65DBC9320EC8A2300674D81 /* Assets.xcassets in Resources */,
				A6163E1E20FF0A7C00FDDC83 /* Jenkinsnew in Resources */,
				A65DBC9120EC8A2300674D81 /* Main.storyboard in Resources */,
			);
			runOnlyForDeploymentPostprocessing = 0;
		};
/* End PBXResourcesBuildPhase section */

/* Begin PBXSourcesBuildPhase section */
		A65DBC8420EC8A2300674D81 /* Sources */ = {
			isa = PBXSourcesBuildPhase;
			buildActionMask = 2147483647;
			files = (
				A65DBC8E20EC8A2300674D81 /* ViewController.swift in Sources */,
				A65DBC8C20EC8A2300674D81 /* AppDelegate.swift in Sources */,
			);
			runOnlyForDeploymentPostprocessing = 0;
		};
/* End PBXSourcesBuildPhase section */

/* Begin PBXVariantGroup section */
		A65DBC8F20EC8A2300674D81 /* Main.storyboard */ = {
			isa = PBXVariantGroup;
			children = (
				A65DBC9020EC8A2300674D81 /* Base */,
			);
			name = Main.storyboard;
			sourceTree = "<group>";
		};
		A65DBC9420EC8A2300674D81 /* LaunchScreen.storyboard */ = {
			isa = PBXVariantGroup;
			children = (
				A65DBC9520EC8A2300674D81 /* Base */,
			);
			name = LaunchScreen.storyboard;
			sourceTree = "<group>";
		};
/* End PBXVariantGroup section */

/* Begin XCBuildConfiguration section */
		A65DBC9820EC8A2300674D81 /* Debug */ = {
			isa = XCBuildConfiguration;
			buildSettings = {
				ALWAYS_SEARCH_USER_PATHS = NO;
				CLANG_ANALYZER_NONNULL = YES;
				CLANG_ANALYZER_NUMBER_OBJECT_CONVERSION = YES_AGGRESSIVE;
				CLANG_CXX_LANGUAGE_STANDARD = "gnu++14";
				CLANG_CXX_LIBRARY = "libc++";
				CLANG_ENABLE_MODULES = YES;
				CLANG_ENABLE_OBJC_ARC = YES;
				CLANG_WARN_BLOCK_CAPTURE_AUTORELEASING = YES;
				CLANG_WARN_BOOL_CONVERSION = YES;
				CLANG_WARN_COMMA = YES;
				CLANG_WARN_CONSTANT_CONVERSION = YES;
				CLANG_WARN_DIRECT_OBJC_ISA_USAGE = YES_ERROR;
				CLANG_WARN_DOCUMENTATION_COMMENTS = YES;
				CLANG_WARN_EMPTY_BODY = YES;
				CLANG_WARN_ENUM_CONVERSION = YES;
				CLANG_WARN_INFINITE_RECURSION = YES;
				CLANG_WARN_INT_CONVERSION = YES;
				CLANG_WARN_NON_LITERAL_NULL_CONVERSION = YES;
				CLANG_WARN_OBJC_LITERAL_CONVERSION = YES;
				CLANG_WARN_OBJC_ROOT_CLASS = YES_ERROR;
				CLANG_WARN_RANGE_LOOP_ANALYSIS = YES;
				CLANG_WARN_STRICT_PROTOTYPES = YES;
				CLANG_WARN_SUSPICIOUS_MOVE = YES;
				CLANG_WARN_UNGUARDED_AVAILABILITY = YES_AGGRESSIVE;
				CLANG_WARN_UNREACHABLE_CODE = YES;
				CLANG_WARN__DUPLICATE_METHOD_MATCH = YES;
				CODE_SIGN_IDENTITY = "iPhone Distribution: DB Systel GmbH";
				COPY_PHASE_STRIP = NO;
				DEBUG_INFORMATION_FORMAT = dwarf;
				ENABLE_STRICT_OBJC_MSGSEND = YES;
				ENABLE_TESTABILITY = YES;
				GCC_C_LANGUAGE_STANDARD = gnu11;
				GCC_DYNAMIC_NO_PIC = NO;
				GCC_NO_COMMON_BLOCKS = YES;
				GCC_OPTIMIZATION_LEVEL = 0;
				GCC_PREPROCESSOR_DEFINITIONS = (
					"DEBUG=1",
					"$(inherited)",
				);
				GCC_WARN_64_TO_32_BIT_CONVERSION = YES;
				GCC_WARN_ABOUT_RETURN_TYPE = YES_ERROR;
				GCC_WARN_UNDECLARED_SELECTOR = YES;
				GCC_WARN_UNINITIALIZED_AUTOS = YES_AGGRESSIVE;
				GCC_WARN_UNUSED_FUNCTION = YES;
				GCC_WARN_UNUSED_VARIABLE = YES;
				IPHONEOS_DEPLOYMENT_TARGET = 11.2;
				MTL_ENABLE_DEBUG_INFO = YES;
				ONLY_ACTIVE_ARCH = YES;
				SDKROOT = iphoneos;
				SWIFT_ACTIVE_COMPILATION_CONDITIONS = DEBUG;
				SWIFT_OPTIMIZATION_LEVEL = "-Onone";
			};
			name = Debug;
		};
		A65DBC9920EC8A2300674D81 /* Release */ = {
			isa = XCBuildConfiguration;
			buildSettings = {
				ALWAYS_SEARCH_USER_PATHS = NO;
				CLANG_ANALYZER_NONNULL = YES;
				CLANG_ANALYZER_NUMBER_OBJECT_CONVERSION = YES_AGGRESSIVE;
				CLANG_CXX_LANGUAGE_STANDARD = "gnu++14";
				CLANG_CXX_LIBRARY = "libc++";
				CLANG_ENABLE_MODULES = YES;
				CLANG_ENABLE_OBJC_ARC = YES;
				CLANG_WARN_BLOCK_CAPTURE_AUTORELEASING = YES;
				CLANG_WARN_BOOL_CONVERSION = YES;
				CLANG_WARN_COMMA = YES;
				CLANG_WARN_CONSTANT_CONVERSION = YES;
				CLANG_WARN_DIRECT_OBJC_ISA_USAGE = YES_ERROR;
				CLANG_WARN_DOCUMENTATION_COMMENTS = YES;
				CLANG_WARN_EMPTY_BODY = YES;
				CLANG_WARN_ENUM_CONVERSION = YES;
				CLANG_WARN_INFINITE_RECURSION = YES;
				CLANG_WARN_INT_CONVERSION = YES;
				CLANG_WARN_NON_LITERAL_NULL_CONVERSION = YES;
				CLANG_WARN_OBJC_LITERAL_CONVERSION = YES;
				CLANG_WARN_OBJC_ROOT_CLASS = YES_ERROR;
				CLANG_WARN_RANGE_LOOP_ANALYSIS = YES;
				CLANG_WARN_STRICT_PROTOTYPES = YES;
				CLANG_WARN_SUSPICIOUS_MOVE = YES;
				CLANG_WARN_UNGUARDED_AVAILABILITY = YES_AGGRESSIVE;
				CLANG_WARN_UNREACHABLE_CODE = YES;
				CLANG_WARN__DUPLICATE_METHOD_MATCH = YES;
				CODE_SIGN_IDENTITY = "iPhone Distribution: DB Systel GmbH";
				COPY_PHASE_STRIP = NO;
				DEBUG_INFORMATION_FORMAT = "dwarf-with-dsym";
				ENABLE_NS_ASSERTIONS = NO;
				ENABLE_STRICT_OBJC_MSGSEND = YES;
				GCC_C_LANGUAGE_STANDARD = gnu11;
				GCC_NO_COMMON_BLOCKS = YES;
				GCC_WARN_64_TO_32_BIT_CONVERSION = YES;
				GCC_WARN_ABOUT_RETURN_TYPE = YES_ERROR;
				GCC_WARN_UNDECLARED_SELECTOR = YES;
				GCC_WARN_UNINITIALIZED_AUTOS = YES_AGGRESSIVE;
				GCC_WARN_UNUSED_FUNCTION = YES;
				GCC_WARN_UNUSED_VARIABLE = YES;
				IPHONEOS_DEPLOYMENT_TARGET = 11.2;
				MTL_ENABLE_DEBUG_INFO = NO;
				SDKROOT = iphoneos;
				SWIFT_OPTIMIZATION_LEVEL = "-Owholemodule";
				VALIDATE_PRODUCT = YES;
			};
			name = Release;
		};
		A65DBC9B20EC8A2300674D81 /* Debug */ = {
			isa = XCBuildConfiguration;
			buildSettings = {
				ASSETCATALOG_COMPILER_APPICON_NAME = AppIcon;
				CODE_SIGN_IDENTITY = "iPhone Distribution: DB Systel GmbH";
				"CODE_SIGN_IDENTITY[sdk=iphoneos*]" = "iPhone Distribution: DB Systel GmbH";
				CODE_SIGN_STYLE = Manual;
				DEVELOPMENT_TEAM = WY955LPLRA;
				INFOPLIST_FILE = TestingJenkins/Info.plist;
				LD_RUNPATH_SEARCH_PATHS = "$(inherited) @executable_path/Frameworks";
				PRODUCT_BUNDLE_IDENTIFIER = com.dbsystel.jenkinstest;
				PRODUCT_NAME = "$(TARGET_NAME)";
				PROVISIONING_PROFILE = "2ecba152-c424-4aa2-981b-3347f280db7f";
				PROVISIONING_PROFILE_SPECIFIER = "adhoc-jenkins-test";
				SWIFT_VERSION = 4.0;
				TARGETED_DEVICE_FAMILY = "1,2";
			};
			name = Debug;
		};
		A65DBC9C20EC8A2300674D81 /* Release */ = {
			isa = XCBuildConfiguration;
			buildSettings = {
				ASSETCATALOG_COMPILER_APPICON_NAME = AppIcon;
				CODE_SIGN_IDENTITY = "iPhone Distribution: DB Systel GmbH";
				"CODE_SIGN_IDENTITY[sdk=iphoneos*]" = "iPhone Distribution: DB Systel GmbH";
				CODE_SIGN_STYLE = Manual;
				DEVELOPMENT_TEAM = WY955LPLRA;
				INFOPLIST_FILE = TestingJenkins/Info.plist;
				LD_RUNPATH_SEARCH_PATHS = "$(inherited) @executable_path/Frameworks";
				PRODUCT_BUNDLE_IDENTIFIER = com.dbsystel.jenkinstest;
				PRODUCT_NAME = "$(TARGET_NAME)";
				PROVISIONING_PROFILE = "2ecba152-c424-4aa2-981b-3347f280db7f";
				PROVISIONING_PROFILE_SPECIFIER = "adhoc-jenkins-test";
				SWIFT_VERSION = 4.0;
				TARGETED_DEVICE_FAMILY = "1,2";
			};
			name = Release;
		};
/* End XCBuildConfiguration section */

/* Begin XCConfigurationList section */
		A65DBC8320EC8A2300674D81 /* Build configuration list for PBXProject "TestingJenkins" */ = {
			isa = XCConfigurationList;
			buildConfigurations = (
				A65DBC9820EC8A2300674D81 /* Debug */,
				A65DBC9920EC8A2300674D81 /* Release */,
			);
			defaultConfigurationIsVisible = 0;
			defaultConfigurationName = Release;
		};
		A65DBC9A20EC8A2300674D81 /* Build configuration list for PBXNativeTarget "TestingJenkins" */ = {
			isa = XCConfigurationList;
			buildConfigurations = (
				A65DBC9B20EC8A2300674D81 /* Debug */,
				A65DBC9C20EC8A2300674D81 /* Release */,
			);
			defaultConfigurationIsVisible = 0;
			defaultConfigurationName = Release;
		};
/* End XCConfigurationList section */
	};
	rootObject = A65DBC8020EC8A2300674D81 /* Project object */;
}
